{
  "version": 1,
  "dependencies": {
    "net10.0": {
      "UglyToad.PdfPig": {
        "type": "Direct",
        "requested": "[0.1.9-alpha-20240607-f0766, )",
        "resolved": "0.1.9-alpha001-patch1",
        "contentHash": "dayc8urhJp129XPTzYQr00wQmbmOxcIVZRqh/lL1Z12qrwN9zRmNFQR92WOQy0y6eSEokfuN0tdOJw1+eQwTaA==",
        "dependencies": {
          "UglyToad.PdfPig.Core": "0.1.9-alpha001-patch1",
          "UglyToad.PdfPig.Fonts": "0.1.9-alpha001-patch1",
          "UglyToad.PdfPig.Tokenization": "0.1.9-alpha001-patch1",
          "UglyToad.PdfPig.Tokens": "0.1.9-alpha001-patch1"
        }
      },
      "UglyToad.PdfPig.Core": {
        "type": "Transitive",
        "resolved": "1.7.0-custom-5",
        "contentHash": "bChQUAYApM6/vgBis0+fBTZyAVqjXdqshjZDCgI3dgwUplfLJxXRrnkCOdNj0a6JNcF32R4aLpnGpTc9QmmVmg=="
      },
      "UglyToad.PdfPig.Fonts": {
        "type": "Transitive",
        "resolved": "1.7.0-custom-5",
        "contentHash": "Z6SBBAIL8wRkJNhXGYaz0CrHnNrNeuNtmwRbBtQUA1b3TDhRQppOmHCIuhjb6Vu/Rirp6FIOtzAU1lXsGik90w==",
        "dependencies": {
          "UglyToad.PdfPig.Core": "1.7.0-custom-5",
          "UglyToad.PdfPig.Tokenization": "1.7.0-custom-5",
          "UglyToad.PdfPig.Tokens": "1.7.0-custom-5"
        }
      },
      "UglyToad.PdfPig.Tokenization": {
        "type": "Transitive",
        "resolved": "1.7.0-custom-5",
        "contentHash": "U8VVH7VJjv6czP7qWyzDq6CRaiJQe7/sESUCL8H3kiEa3zi0l9TonIKlD/YidQ5DlgTumracii6zjLyKPEFKwA==",
        "dependencies": {
          "UglyToad.PdfPig.Core": "1.7.0-custom-5",
          "UglyToad.PdfPig.Tokens": "1.7.0-custom-5"
        }
      },
      "UglyToad.PdfPig.Tokens": {
        "type": "Transitive",
        "resolved": "1.7.0-custom-5",
        "contentHash": "m/j5RVfL4eF/OwX6ASprzK+yzD3l7xdgQ7zQPgENhjxfuXD+hj6FSeZlmxSTt9ywvWcTCjGKAILl9XTK9iQgCQ==",
        "dependencies": {
          "UglyToad.PdfPig.Core": "1.7.0-custom-5"
        }
      }
    }
  }
}