{
  "version": 1,
  "dependencies": {
    "net10.0": {
      "auswertungpro.next.application": {
        "type": "Project",
        "dependencies": {
          "AuswertungPro.Next.Domain": "[1.0.0, )"
        }
      },
      "auswertungpro.next.domain": {
        "type": "Project"
      }
    }
  }
}