{
  "version": 1,
  "dependencies": {
    "net10.0-windows10.0.19041": {
      "Microsoft.NET.Test.Sdk": {
        "type": "Direct",
        "requested": "[17.10.0, )",
        "resolved": "17.10.0",
        "contentHash": "0/2HeACkaHEYU3wc83YlcD2Fi4LMtECJjqrtvw0lPi9DCEa35zSPt1j4fuvM8NagjDqJuh1Ja35WcRtn1Um6/A==",
        "dependencies": {
          "Microsoft.CodeCoverage": "17.10.0",
          "Microsoft.TestPlatform.TestHost": "17.10.0"
        }
      },
      "xunit": {
        "type": "Direct",
        "requested": "[2.7.0, )",
        "resolved": "2.7.0",
        "contentHash": "KcCI5zxh8zbUfQTeErc4oT7YokViVND2V0p4vDJ2VD4lhF9V5qCYMMDNixme7FdwYy3SwPHF+2xC2Dq4Z9GSlA==",
        "dependencies": {
          "xunit.analyzers": "1.11.0",
          "xunit.assert": "2.7.0",
          "xunit.core": "[2.7.0]"
        }
      },
      "xunit.runner.visualstudio": {
        "type": "Direct",
        "requested": "[2.5.7, )",
        "resolved": "2.5.7",
        "contentHash": "31Rl7dBJriX0DNwZfDp8gqFOPsiM0c9kqpcH/HvNi9vDp+K7Ydf42H7mVIvYT918Ywzn1ymLg1c4DDC6iU754w=="
      },
      "BlackSharp.Core": {
        "type": "Transitive",
        "resolved": "1.0.7",
        "contentHash": "LbEc4w0oZ7w4p6+8OjPZgwsJW470aQRuYZgZ9aMN2PW9R79pW3OnZQ32AVVx/21rstX9mKbXaOLWpSAxoANYxQ=="
      },
      "BruTile": {
        "type": "Transitive",
        "resolved": "6.0.0",
        "contentHash": "AwDEphrbCWm+7gywShqyDPXB8Bc//kRJ4z49BLgIihnWkubHRbZGy+RGgq/+MYm1fkReiVZXDfcF9pgvQScb3Q=="
      },
      "ClosedXML": {
        "type": "Transitive",
        "resolved": "0.105.0",
        "contentHash": "U0hAdnYyPvF7TqHMFloxrS7pmozab79tFFF4c/bgPtqeelUs7ILpUd3r3c7C0a/DXsUZb3k1n4Pf7Q2LMyMQOg==",
        "dependencies": {
          "ClosedXML.Parser": "2.0.0",
          "DocumentFormat.OpenXml": "[3.1.1, 4.0.0)",
          "ExcelNumberFormat": "1.1.0",
          "RBush.Signed": "4.0.0",
          "SixLabors.Fonts": "1.0.0"
        }
      },
      "ClosedXML.Parser": {
        "type": "Transitive",
        "resolved": "2.0.0",
        "contentHash": "ngTqjYreDYNytG1W5d3ewHsw0ukmmrgV7EKnS4/40rXoYZGt07jrBvo+N+GxT49rcageUMUiprV0jYT4nwVBHQ=="
      },
      "CommunityToolkit.Mvvm": {
        "type": "Transitive",
        "resolved": "8.4.0",
        "contentHash": "tqVU8yc/ADO9oiTRyTnwhFN68hCwvkliMierptWOudIAvWY1mWCh5VFh+guwHJmpMwfg0J0rY+yyd5Oy7ty9Uw=="
      },
      "DiskInfoToolkit": {
        "type": "Transitive",
        "resolved": "1.1.2",
        "contentHash": "vN46svt1hQDkm269p6CzfwDpb/fbyp8oNQuePcvjNSryPLfsxIJZU8amEhir+x5bsKd0ymOXTySzPwFO8o0dpw==",
        "dependencies": {
          "BlackSharp.Core": "1.0.7"
        }
      },
      "DocumentFormat.OpenXml": {
        "type": "Transitive",
        "resolved": "3.1.1",
        "contentHash": "2z9QBzeTLNNKWM9SaOSDMegfQk/7hDuElOsmF77pKZMkFRP/GHA/W/4yOAQD9kn15N/FsFxHn3QVYkatuZghiA==",
        "dependencies": {
          "DocumentFormat.OpenXml.Framework": "3.1.1"
        }
      },
      "DocumentFormat.OpenXml.Framework": {
        "type": "Transitive",
        "resolved": "3.1.1",
        "contentHash": "6APEp/ElZV58S/4v8mf4Ke3ONEDORs64MqdD64Z7wWpcHANB9oovQsGIwtqjnKihulOj7T0a6IxHIHOfMqKOng=="
      },
      "ExcelNumberFormat": {
        "type": "Transitive",
        "resolved": "1.1.0",
        "contentHash": "R3BVHPs9O+RkExbZYTGT0+9HLbi8ZrNij1Yziyw6znd3J7P3uoIR07uwTLGOogtz1p6+0sna66eBoXu7tBiVQA=="
      },
      "ExCSS": {
        "type": "Transitive",
        "resolved": "4.3.1",
        "contentHash": "A8UtcghHQlWxPJhJF5bsfEYO7068JHGTuJ7tzyyMjd5fE/N/xY1cVOUhzuLLFwMOCJVnM4mqSQc93W9fGfZ1kA=="
      },
      "FirebirdSql.Data.FirebirdClient": {
        "type": "Transitive",
        "resolved": "10.0.0",
        "contentHash": "x+JkSd6TeL9zUXDbi5C0NPeZ1ejo5sw3G9nhoxvVGXhaU399agYgO5RXtYRmcS4GkeA57Q9sThe5pFL2knSdXQ=="
      },
      "HarfBuzzSharp": {
        "type": "Transitive",
        "resolved": "8.3.1.3",
        "contentHash": "NGZ2+ZVNPM+NdHB/asW0/ykWngyHWwcqjrbN2nDeH1B/aptPGlCUl8wkQ2cSJxw5fdWgdmIPmNuTPWpLwNVXWg==",
        "dependencies": {
          "HarfBuzzSharp.NativeAssets.Win32": "8.3.1.3"
        }
      },
      "HarfBuzzSharp.NativeAssets.Linux": {
        "type": "Transitive",
        "resolved": "2.8.2.3",
        "contentHash": "Qu1yJSHEN7PD3+fqfkaClnORWN5e2xJ2Xoziz/GUi/oBT1Z+Dp2oZeiONKP6NFltboSOBkvH90QuOA6YN/U1zg==",
        "dependencies": {
          "HarfBuzzSharp": "2.8.2.3"
        }
      },
      "HarfBuzzSharp.NativeAssets.Win32": {
        "type": "Transitive",
        "resolved": "8.3.1.3",
        "contentHash": "bx8CE8Js+XGX8PUxAHCBDEORt5aaBYtMN4Hr9QFs57Xithh6yjUyYqksizH6eRDhJkwsGI+SXWmPmMm8lZC9Pw=="
      },
      "HidSharp": {
        "type": "Transitive",
        "resolved": "2.6.4",
        "contentHash": "UcGvtnXFcatwHBXr+ei8GEXvg//wjGmDGQ6Xvb+7M4vHjURAhSLIJ+dSZv0BnAhQEpNlH8G4P7JxYnMH8Aph4g=="
      },
      "LibreHardwareMonitorLib": {
        "type": "Transitive",
        "resolved": "0.9.6",
        "contentHash": "W4hQ5Ja51/1cEDZnh9kG5UHFBwjjY2+oIpSUhSsgeYXKRKezrkw3sEFrhQkrOuo53xkXyfWV8ZErMqQuGqWIMQ==",
        "dependencies": {
          "DiskInfoToolkit": "1.1.2",
          "HidSharp": "2.6.4",
          "Mono.Posix.NETStandard": "1.0.0",
          "RAMSPDToolkit-NDD": "1.4.2",
          "System.IO.FileSystem.AccessControl": "5.0.0",
          "System.IO.Ports": "10.0.3",
          "System.Management": "10.0.2"
        }
      },
      "LibVLCSharp": {
        "type": "Transitive",
        "resolved": "3.9.5",
        "contentHash": "wTNVRfvjvOtj/G5nOLSUnw2wRMNDQ3fnZtVVfWPWDbX5lSDEahrUKub+LduySb6WuJY03enx6bXWk6v+Sq4QNQ=="
      },
      "LibVLCSharp.WPF": {
        "type": "Transitive",
        "resolved": "3.9.5",
        "contentHash": "5QlgijWr5pQRxQluIFFuhQHBXAX5aL2UaBDLu1Pve2DPb39Zl/r3UMbAyBa3T0Y5CsS3QoeF28DjqmGFwPIQ8g==",
        "dependencies": {
          "LibVLCSharp": "3.9.5"
        }
      },
      "Mapsui": {
        "type": "Transitive",
        "resolved": "5.1.0",
        "contentHash": "uruvNpGyYq+nKdoi27zqOlAfohFShV+c1wDExbdMKGL8I4P7xHc+LeidKaE7WHAgqJSkgY9qWMnl8re5dd0ZTQ=="
      },
      "Mapsui.Nts": {
        "type": "Transitive",
        "resolved": "5.1.0",
        "contentHash": "NmiGmHGickhrAPTi7fVncP0+Cr/jISJSaKWF55QTL5OtbJuVcwQZDzWlpC6vyucEVlGCV5MM1pQYsKOLLAdjCg==",
        "dependencies": {
          "Mapsui": "5.1.0",
          "NetTopologySuite": "2.6.0",
          "NetTopologySuite.IO.GeoJSON4STJ": "[4.0.0, 5.0.0)"
        }
      },
      "Mapsui.Rendering.Skia": {
        "type": "Transitive",
        "resolved": "5.1.0",
        "contentHash": "SDukkZXbsFQhgn3SKupjG0MFGlVU1flwT/94Wnxh+si5SaPqhkOtns9Ny+fMGseH8D+CBVHnD9B7NOKiOkSVOw==",
        "dependencies": {
          "HarfBuzzSharp": "8.3.1.3",
          "Mapsui": "5.1.0",
          "Mapsui.Nts": "5.1.0",
          "NetTopologySuite": "2.6.0",
          "NetTopologySuite.IO.GeoJSON4STJ": "[4.0.0, 5.0.0)",
          "SkiaSharp": "3.119.2",
          "SkiaSharp.HarfBuzz": "3.119.2",
          "SkiaSharp.NativeAssets.Linux": "3.119.2",
          "Svg.Skia": "3.2.1",
          "Topten.RichTextKit": "0.4.167"
        }
      },
      "Mapsui.Tiling": {
        "type": "Transitive",
        "resolved": "5.1.0",
        "contentHash": "7AWSEnDY4AtpiCiedfzt4+BeJ7VGsLEiDDhAcAr/jYNuKx7Bv2kimFqjIIZZJH+Vli2pGw+Smuwi4k0dNnJJig==",
        "dependencies": {
          "BruTile": "[6.0.0, 7.0.0)",
          "Mapsui": "5.1.0"
        }
      },
      "Mapsui.Wpf": {
        "type": "Transitive",
        "resolved": "5.1.0",
        "contentHash": "U9WPRIWJMaI0hRNUHXnr5x6Bkrm1HbpL8Tqej2CuloYD0qlOM2OfxOhsBwmaFJQDMi+uvyg4DyozfWMSZrh9Xw==",
        "dependencies": {
          "BruTile": "[6.0.0, 7.0.0)",
          "HarfBuzzSharp": "8.3.1.3",
          "Mapsui": "5.1.0",
          "Mapsui.Rendering.Skia": "5.1.0",
          "Mapsui.Tiling": "5.1.0",
          "NetTopologySuite": "2.6.0",
          "NetTopologySuite.IO.GeoJSON4STJ": "[4.0.0, 5.0.0)",
          "SkiaSharp": "3.119.2",
          "SkiaSharp.HarfBuzz": "3.119.2",
          "SkiaSharp.NativeAssets.Linux": "3.119.2",
          "SkiaSharp.Views.WPF": "3.119.2",
          "Svg.Skia": "3.2.1",
          "Topten.RichTextKit": "0.4.167"
        }
      },
      "Microsoft.Bcl.AsyncInterfaces": {
        "type": "Transitive",
        "resolved": "6.0.0",
        "contentHash": "UcSjPsst+DfAdJGVDsu346FX0ci0ah+lw3WRtn18NUwEqRt70HaOQ7lI72vy3+1LxtqI3T5GWwV39rQSrCzAeg=="
      },
      "Microsoft.CodeCoverage": {
        "type": "Transitive",
        "resolved": "17.10.0",
        "contentHash": "yC7oSlnR54XO5kOuHlVOKtxomNNN1BWXX8lK1G2jaPXT9sUok7kCOoA4Pgs0qyFaCtMrNsprztYMeoEGqCm4uA=="
      },
      "Microsoft.Data.Sqlite": {
        "type": "Transitive",
        "resolved": "10.0.3",
        "contentHash": "R/7g5hddFTzey+XOH7Hb3x71DdX5yDu3YqKDJbyn3QKiV6P38bYqkhsoDotanurh5mHLRc9hITE+pxL6Kjcpzw==",
        "dependencies": {
          "Microsoft.Data.Sqlite.Core": "10.0.3",
          "SQLitePCLRaw.bundle_e_sqlite3": "2.1.11",
          "SQLitePCLRaw.core": "2.1.11"
        }
      },
      "Microsoft.Data.Sqlite.Core": {
        "type": "Transitive",
        "resolved": "10.0.3",
        "contentHash": "onD94qHlvteS2S9eg1T7Huehm3x92no4nU1AyDWjSmT6jDBhY8QF0UapwNhFA+1dArzxM10fV7s6uI1EIK2+dw==",
        "dependencies": {
          "SQLitePCLRaw.core": "2.1.11"
        }
      },
      "Microsoft.Extensions.DependencyInjection": {
        "type": "Transitive",
        "resolved": "10.0.2",
        "contentHash": "J/Zmp6fY93JbaiZ11ckWvcyxMPjD6XVwIHQXBjryTBgn7O6O20HYg9uVLFcZlNfgH78MnreE/7EH+hjfzn7VyA==",
        "dependencies": {
          "Microsoft.Extensions.DependencyInjection.Abstractions": "10.0.2"
        }
      },
      "Microsoft.Extensions.DependencyInjection.Abstractions": {
        "type": "Transitive",
        "resolved": "10.0.2",
        "contentHash": "zOIurr59+kUf9vNcsUkCvKWZv+fPosUZXURZesYkJCvl0EzTc9F7maAO4Cd2WEV7ZJJ0AZrFQvuH6Npph9wdBw=="
      },
      "Microsoft.Extensions.Logging": {
        "type": "Transitive",
        "resolved": "10.0.2",
        "contentHash": "a0EWuBs6D3d7XMGroDXm+WsAi5CVVfjOJvyxurzWnuhBN9CO+1qHKcrKV1JK7H/T4ZtHIoVCOX/YyWM8K87qtw==",
        "dependencies": {
          "Microsoft.Extensions.DependencyInjection": "10.0.2",
          "Microsoft.Extensions.Logging.Abstractions": "10.0.2",
          "Microsoft.Extensions.Options": "10.0.2"
        }
      },
      "Microsoft.Extensions.Logging.Abstractions": {
        "type": "Transitive",
        "resolved": "10.0.2",
        "contentHash": "RZkez/JjpnO+MZ6efKkSynN6ZztLpw3WbxNzjLCPBd97wWj1S9ZYPWi0nmT4kWBRa6atHsdM1ydGkUr8GudyDQ==",
        "dependencies": {
          "Microsoft.Extensions.DependencyInjection.Abstractions": "10.0.2"
        }
      },
      "Microsoft.Extensions.Options": {
        "type": "Transitive",
        "resolved": "10.0.2",
        "contentHash": "1De2LJjmxdqopI5AYC5dIhoZQ79AR5ayywxNF1rXrXFtKQfbQOV9+n/IsZBa7qWlr0MqoGpW8+OY2v/57udZOA==",
        "dependencies": {
          "Microsoft.Extensions.DependencyInjection.Abstractions": "10.0.2",
          "Microsoft.Extensions.Primitives": "10.0.2"
        }
      },
      "Microsoft.Extensions.Primitives": {
        "type": "Transitive",
        "resolved": "10.0.2",
        "contentHash": "QmSiO+oLBEooGgB3i0GRXyeYRDHjllqt3k365jwfZlYWhvSHA3UL2NEVV5m8aZa041eIlblo6KMI5txvTMpTwA=="
      },
      "Microsoft.Playwright": {
        "type": "Transitive",
        "resolved": "1.50.0",
        "contentHash": "Mq7Ro8vosaADFVU9plNbFvIzi+iVaoCY7y8umE+L9lUK+5DrBnKPHTwARYqi0koYsIikKkwNwoBEsceLdP4Udg==",
        "dependencies": {
          "Microsoft.Bcl.AsyncInterfaces": "6.0.0",
          "System.ComponentModel.Annotations": "5.0.0"
        }
      },
      "Microsoft.TestPlatform.ObjectModel": {
        "type": "Transitive",
        "resolved": "17.10.0",
        "contentHash": "KkwhjQevuDj0aBRoPLY6OLAhGqbPUEBuKLbaCs0kUVw29qiOYncdORd4mLVJbn9vGZ7/iFGQ/+AoJl0Tu5Umdg=="
      },
      "Microsoft.TestPlatform.TestHost": {
        "type": "Transitive",
        "resolved": "17.10.0",
        "contentHash": "LWpMdfqhHvcUkeMCvNYJO8QlPLlYz9XPPb+ZbaXIKhdmjAV0wqTSrTiW5FLaf7RRZT50AQADDOYMOe0HxDxNgA==",
        "dependencies": {
          "Microsoft.TestPlatform.ObjectModel": "17.10.0",
          "Newtonsoft.Json": "13.0.1"
        }
      },
      "Mono.Posix.NETStandard": {
        "type": "Transitive",
        "resolved": "1.0.0",
        "contentHash": "vSN/L1uaVwKsiLa95bYu2SGkF0iY3xMblTfxc8alSziPuVfJpj3geVqHGAA75J7cZkMuKpFVikz82Lo6y6LLdA=="
      },
      "NetTopologySuite": {
        "type": "Transitive",
        "resolved": "2.6.0",
        "contentHash": "1B1OTacTd4QtFyBeuIOcThwSSLUdRZU3bSFIwM8vk36XiZlBMi3K36u74e4OqwwHRHUuJC1PhbDx4hyI266X1Q=="
      },
      "NetTopologySuite.Features": {
        "type": "Transitive",
        "resolved": "2.1.0",
        "contentHash": "Iq+Ie9WZJj8Pyu3asHZ/UwZLim786QzWC0DmLEzFK2u3BeLHDK7iWfsYBLDb/RCBUql8VBmW6LMlsJ+LKUHduA==",
        "dependencies": {
          "NetTopologySuite": "[2.0.0, 3.0.0-A)"
        }
      },
      "NetTopologySuite.IO.GeoJSON4STJ": {
        "type": "Transitive",
        "resolved": "4.0.0",
        "contentHash": "Jdm9qBVDcHkrVn3fm3knw6pGu3Ggn31tGVRyIP1/5HSL+8EDPfUnEZF0+oVFBkOKR9tqu9aV2jmEX42Kq8F2Yw==",
        "dependencies": {
          "NetTopologySuite": "[2.0.0, 3.0.0-A)",
          "NetTopologySuite.Features": "[2.1.0, 3.0.0-A)"
        }
      },
      "Newtonsoft.Json": {
        "type": "Transitive",
        "resolved": "13.0.1",
        "contentHash": "ppPFpBcvxdsfUonNcvITKqLl3bqxWbDCZIzDWHzjpdAHRFfZe0Dw9HmA0+za13IdyrgJwpkDTDA9fHaxOrt20A=="
      },
      "OpenTK": {
        "type": "Transitive",
        "resolved": "4.3.0",
        "contentHash": "w2oiuLDpZbSCyqzHEFFLTO6JMNadHWS6Pp68U68lfzdTrzTQQqyH7x+/PJidsk+wRSDopaH9e03/KzYB9Fs+7Q==",
        "dependencies": {
          "OpenTK.Compute": "4.3.0",
          "OpenTK.Core": "4.3.0",
          "OpenTK.Graphics": "4.3.0",
          "OpenTK.Input": "4.3.0",
          "OpenTK.Mathematics": "4.3.0",
          "OpenTK.OpenAL": "4.3.0",
          "OpenTK.Windowing.Common": "4.3.0",
          "OpenTK.Windowing.Desktop": "4.3.0",
          "OpenTK.Windowing.GraphicsLibraryFramework": "4.3.0"
        }
      },
      "OpenTK.Compute": {
        "type": "Transitive",
        "resolved": "4.3.0",
        "contentHash": "XrMVjBPp1PNuz7z7hdNyO2oBsAPZHcHzILs7ewtEP09CM1KPVwZDAsIjOjEJesLCWrNr+jm6+3TvHActYkk4lQ=="
      },
      "OpenTK.Core": {
        "type": "Transitive",
        "resolved": "4.3.0",
        "contentHash": "Hu+4U+tvnQW++y8Gj4OggLVuhclLm1hVN9ZIc3e9d8uo15CWYOSycw+FQhaRH3aibFv1vFYgH+bMIHM509YwYg=="
      },
      "OpenTK.GLWpfControl": {
        "type": "Transitive",
        "resolved": "4.2.3",
        "contentHash": "VIq15MqeMB42v7cuoPcbHAFzdlOcN5DZEhguuQVdvZP0NlfajjaoVDqtP3koOWLs1how2YqCaVk1qIvsuRdQqQ==",
        "dependencies": {
          "OpenTK": "[4.3.0, 5.0.0)"
        }
      },
      "OpenTK.Graphics": {
        "type": "Transitive",
        "resolved": "4.3.0",
        "contentHash": "N1XXKrX+op6ORxkRoLa8mb/rMQVTW4YsJraneyU0RKqZ04PeOwcnX6BFb+mJISZnbtk+3SyYlWLjSsQjDdFbRg==",
        "dependencies": {
          "OpenTK.Core": "[4.3.0, 4.4.0)",
          "OpenTK.Mathematics": "[4.3.0, 4.4.0)"
        }
      },
      "OpenTK.Input": {
        "type": "Transitive",
        "resolved": "4.3.0",
        "contentHash": "tvTQlC87bnNWN5BPOxCqSE2UJ6RKz/r342I25XBfeF/TNpw9Ad6upLdok8l8Nhess9LUItOPT6uBBdOlMEO0cA=="
      },
      "OpenTK.Mathematics": {
        "type": "Transitive",
        "resolved": "4.3.0",
        "contentHash": "3yiHBaEeV6OVu7La6961Jx7xoP7dJoZXcRJaDqqPrEmmIuwUx2i4AQI60UpGmcrMJ11QhicmW6zjb8aZYySYrw=="
      },
      "OpenTK.OpenAL": {
        "type": "Transitive",
        "resolved": "4.3.0",
        "contentHash": "zDzP8wsppS/5jwW8RUaac/bWOrZV5rB8Faejy5vLVE1ixWKclOEyO30ADOO3XZ+IWNKioX5wMhzKcy8kfsKKew==",
        "dependencies": {
          "OpenTK.Core": "[4.3.0, 4.4.0)",
          "OpenTK.Mathematics": "[4.3.0, 4.4.0)"
        }
      },
      "OpenTK.redist.glfw": {
        "type": "Transitive",
        "resolved": "3.3.0-pre20200830200122",
        "contentHash": "EKE9pJCFHScbqOv/t0zG1h5Eh24nWr44SXYnpYtAWDhJhzAoUoI8TwDRXGvTGhDeCBp8ONEaVsq9xRC+OQIxQA=="
      },
      "OpenTK.Windowing.Common": {
        "type": "Transitive",
        "resolved": "4.3.0",
        "contentHash": "HKKMHsv+eQrB3C3ySCcYS0yfKNZ/SM0v1upqBLEN5khs7IVPQ/wRwdR+OaPH/9v11pYtdNQL/XtkPVV0SC8jWA==",
        "dependencies": {
          "OpenTK.Core": "[4.3.0, 4.4.0)",
          "OpenTK.Mathematics": "[4.3.0, 4.4.0)"
        }
      },
      "OpenTK.Windowing.Desktop": {
        "type": "Transitive",
        "resolved": "4.3.0",
        "contentHash": "pomhIDKQGGLn+5jAWCUsxAcHLOwO4/43pmcXA2xVKRcrvRQgY0QCUcroQRDwGam+8SinRBSTa0PNVNbDxZhoRA==",
        "dependencies": {
          "OpenTK.Core": "[4.3.0, 4.4.0)",
          "OpenTK.Mathematics": "[4.3.0, 4.4.0)",
          "OpenTK.Windowing.Common": "[4.3.0, 4.4.0)",
          "OpenTK.Windowing.GraphicsLibraryFramework": "[4.3.0, 4.4.0)"
        }
      },
      "OpenTK.Windowing.GraphicsLibraryFramework": {
        "type": "Transitive",
        "resolved": "4.3.0",
        "contentHash": "R8H4ynmYUYuow/QNx4pnvPGR8Z6KUP54rVlnsH5tRkDYBU/m6bWmvFFvAA492rRyM5nt+6zAqGjv8GXY+8sylA==",
        "dependencies": {
          "OpenTK.Core": "[4.3.0, 4.4.0)",
          "OpenTK.redist.glfw": "[3.3.0-pre20200830200122, 3.4.0-pre)"
        }
      },
      "QuestPDF": {
        "type": "Transitive",
        "resolved": "2026.2.0",
        "contentHash": "BRjl/iXknSC/uyWmn2eOwKLqgFhwVwrtic181IzFiCe49idGnjlQ1QiiXBxb7MKPd2Tgd/JL9yCija6MiQB1yA=="
      },
      "RAMSPDToolkit-NDD": {
        "type": "Transitive",
        "resolved": "1.4.2",
        "contentHash": "pqIwn/HqXFnW4FVKybq6gZh3YK14OOLGWkgZzDdewjAInCOu86EO2L+FCQo8j1/v1sKwv+vgX5pnehxyrlJYJw==",
        "dependencies": {
          "BlackSharp.Core": "1.0.4",
          "System.Management": "10.0.0"
        }
      },
      "RBush.Signed": {
        "type": "Transitive",
        "resolved": "4.0.0",
        "contentHash": "aP5KQxL5RnFNGW1f0euYVBfCatkLw5iEzMRJcXKq8LWWP4Cp3+qoSq1tDDL2vvJ2rM0ychmVMa2VaEKLS6uX4w=="
      },
      "runtime.android-arm.runtime.native.System.IO.Ports": {
        "type": "Transitive",
        "resolved": "10.0.3",
        "contentHash": "6W4qZX0X7FF+PHM9Kaa5ZsTLcGJAzCU7FB4Tjy1vTg2rUIEjDqijWTtpz8vY6gBzZaG+tD0/EKUyGnfq6d/d/Q=="
      },
      "runtime.android-arm64.runtime.native.System.IO.Ports": {
        "type": "Transitive",
        "resolved": "10.0.3",
        "contentHash": "4OdNg2Du1kvm0b4tSErkA4wfH32YmgUqeSLzekk6NdCR61brCp4vttTJl0epZMwbRppXuy/jY7pV0WtP4ymnfQ=="
      },
      "runtime.android-x64.runtime.native.System.IO.Ports": {
        "type": "Transitive",
        "resolved": "10.0.3",
        "contentHash": "nP7xJSDSqRktV4kEd0kr4n0xhzJFuQjh7L/AgrKB3C4QK5TA/8NimJmTl1ogngvnXn2vilH2Hk+keBIvuoGWCA=="
      },
      "runtime.android-x86.runtime.native.System.IO.Ports": {
        "type": "Transitive",
        "resolved": "10.0.3",
        "contentHash": "f/neqijoVpgl/PcrXYeLNfCC2t74XYIcaHvtSaF3zaIdJ3hf5wrwRC9gzYLXHRLg/j4DRsCHEw8rlux/dNh7XA=="
      },
      "runtime.linux-arm.runtime.native.System.IO.Ports": {
        "type": "Transitive",
        "resolved": "10.0.3",
        "contentHash": "cwiQmy95Zd42K4kMzDt8GkXNKHWDkRZIIyb3MteRrgJKubH2DMA6VY3JiFeR+1hQ7i31Ck+dYyt8wUkElZ/NrQ=="
      },
      "runtime.linux-arm64.runtime.native.System.IO.Ports": {
        "type": "Transitive",
        "resolved": "10.0.3",
        "contentHash": "cEx+Xm0ZNPsuoYTFwXZ6qRstwXQ7vJjbb3jWzo5s5xIeEgpTDdfiUjTgK3Gl618mWgb7+Gn6Vt5pT07RxFC28Q=="
      },
      "runtime.linux-bionic-arm64.runtime.native.System.IO.Ports": {
        "type": "Transitive",
        "resolved": "10.0.3",
        "contentHash": "kB21sNzlKgTj3V/LZhnTLFuViiGKtkiUG2GdEW+z3jdeUtRoxqBBXryzMqy0oUOy5idBW2pA6bh+iLGaj+GThA=="
      },
      "runtime.linux-bionic-x64.runtime.native.System.IO.Ports": {
        "type": "Transitive",
        "resolved": "10.0.3",
        "contentHash": "/Ud7EYdpnBGJ/x7DdqVFEJOQtEcf9rsD6/1iyUBJNfhhs8JljZLewJHp1cXr1DVCaWWc9jSWIc4g+QpMct/22A=="
      },
      "runtime.linux-musl-arm.runtime.native.System.IO.Ports": {
        "type": "Transitive",
        "resolved": "10.0.3",
        "contentHash": "pBubukkmXD9e4Ju004bEHL3TE5mYahONCVwrJ5b+7/cj8smSY2H5sKTyURiVF1EfX55yORKyTyQ3dALA5yTTlg=="
      },
      "runtime.linux-musl-arm64.runtime.native.System.IO.Ports": {
        "type": "Transitive",
        "resolved": "10.0.3",
        "contentHash": "+FR6SvpZya66Wv26MVEK4l2gnjfZnBVUz675eaTcMQ/KWAy+GMaPyhRaBIMnQJf5gfuu3x1qgeAzpmeFkOPGBw=="
      },
      "runtime.linux-musl-x64.runtime.native.System.IO.Ports": {
        "type": "Transitive",
        "resolved": "10.0.3",
        "contentHash": "Ee1XnOSKgeJGBcnd7LLLkyXEbE/JcpQ3pUlbPXqugl0YD55jVubpYebzGYI+ilrnBLCRiV0BR822b2XmerIKGw=="
      },
      "runtime.linux-x64.runtime.native.System.IO.Ports": {
        "type": "Transitive",
        "resolved": "10.0.3",
        "contentHash": "U+Zr1KuBDIIwgR2gTMFbBAtkr4WnKdEXxmknPa3X8Qy6oCi4+MTRmq2zmTh7wxXQXTdmhfXg2tyy7DuVHtB+xQ=="
      },
      "runtime.maccatalyst-arm64.runtime.native.System.IO.Ports": {
        "type": "Transitive",
        "resolved": "10.0.3",
        "contentHash": "9yTgh3ZKCBTGEO4YS76g/K15s2qSdeEZDqWteixUPeRsETsuBUwUPF39Fk39OPlRgwhqEuhtHy1Hf6BSOETfAg=="
      },
      "runtime.maccatalyst-x64.runtime.native.System.IO.Ports": {
        "type": "Transitive",
        "resolved": "10.0.3",
        "contentHash": "0gxqUZYQ1T1o5VzgyEMKiSPKJtPbleF2nbjZa5QKZQvPgSlrZFL+FrW4LywIk2scOpXu+Vd5Mv8AGGV7slhYWA=="
      },
      "runtime.native.System.IO.Ports": {
        "type": "Transitive",
        "resolved": "10.0.3",
        "contentHash": "7U3HW0JzAeg9PWaYBcyWLFMq2RSexgJ8uVCR3E2QVJJ/IZnRT0wYRhyEx3zBSbKYzN3KE6MDiRd6CN4hR7YkqA==",
        "dependencies": {
          "runtime.android-arm.runtime.native.System.IO.Ports": "10.0.3",
          "runtime.android-arm64.runtime.native.System.IO.Ports": "10.0.3",
          "runtime.android-x64.runtime.native.System.IO.Ports": "10.0.3",
          "runtime.android-x86.runtime.native.System.IO.Ports": "10.0.3",
          "runtime.linux-arm.runtime.native.System.IO.Ports": "10.0.3",
          "runtime.linux-arm64.runtime.native.System.IO.Ports": "10.0.3",
          "runtime.linux-bionic-arm64.runtime.native.System.IO.Ports": "10.0.3",
          "runtime.linux-bionic-x64.runtime.native.System.IO.Ports": "10.0.3",
          "runtime.linux-musl-arm.runtime.native.System.IO.Ports": "10.0.3",
          "runtime.linux-musl-arm64.runtime.native.System.IO.Ports": "10.0.3",
          "runtime.linux-musl-x64.runtime.native.System.IO.Ports": "10.0.3",
          "runtime.linux-x64.runtime.native.System.IO.Ports": "10.0.3",
          "runtime.maccatalyst-arm64.runtime.native.System.IO.Ports": "10.0.3",
          "runtime.maccatalyst-x64.runtime.native.System.IO.Ports": "10.0.3",
          "runtime.osx-arm64.runtime.native.System.IO.Ports": "10.0.3",
          "runtime.osx-x64.runtime.native.System.IO.Ports": "10.0.3"
        }
      },
      "runtime.osx-arm64.runtime.native.System.IO.Ports": {
        "type": "Transitive",
        "resolved": "10.0.3",
        "contentHash": "qnEjXlIazxaRAhBet0EupWoJQ9PKsXjThpMKGP/ZsCjZgHEb+zs9wft82wY27OagyPOCg9D4hJHWKt5LTbJNZg=="
      },
      "runtime.osx-x64.runtime.native.System.IO.Ports": {
        "type": "Transitive",
        "resolved": "10.0.3",
        "contentHash": "L1gcOL5kcfeeujKQbqJmpeTLsT0c6DeaJ9w6PY9oZ+/WESyya+Zj7StKguXR5j93o3o86FjcN05yufpoCz7R2g=="
      },
      "Scriban": {
        "type": "Transitive",
        "resolved": "7.2.5",
        "contentHash": "6HDyv0P6PVdx/prWM3Aw0QHAT/DCpkBxOovZ2iPIH4L4ZvJ13JNYJgyUI+xJ5K2agXreYTBe23AL5ZQNTqJQvA=="
      },
      "ShimSkiaSharp": {
        "type": "Transitive",
        "resolved": "3.2.1",
        "contentHash": "WyMf+0aj5IJcHkG/t89WApGFg756oXB30ehu9kYu9hjdfS0snkXHoAiTJZqVlqyLOvzC6eA+nOQ2hI84g//5Pg=="
      },
      "SixLabors.Fonts": {
        "type": "Transitive",
        "resolved": "1.0.0",
        "contentHash": "LFQsCZlV0xlUyXAOMUo5kkSl+8zAQXXbbdwWchtk0B4o7zotZhQsQOcJUELGHdfPfm/xDAsz6hONAuV25bJaAg=="
      },
      "SkiaSharp": {
        "type": "Transitive",
        "resolved": "3.119.4",
        "contentHash": "53NOSUZ1Us+91Sm0uCkIivh/k7jOowRErZT2sIWwPFN9mLUvdxnE6rS4sWo4255+Rd2MWUSF+j0NMZHD6Cke+Q==",
        "dependencies": {
          "SkiaSharp.NativeAssets.Win32": "3.119.4"
        }
      },
      "SkiaSharp.HarfBuzz": {
        "type": "Transitive",
        "resolved": "3.119.2",
        "contentHash": "/zabpNJYLU8k23N5JH92jGNNTrj/0CxbMbr/W/9aX9wzyTbypSKVo7/Pl6jVBZSqCI42vZAhv1akvV+SDiatzg==",
        "dependencies": {
          "HarfBuzzSharp": "8.3.1.3",
          "SkiaSharp": "3.119.2"
        }
      },
      "SkiaSharp.NativeAssets.Linux": {
        "type": "Transitive",
        "resolved": "3.119.2",
        "contentHash": "9WzxSyG/s9Id506j0Ht+Bi5ucOpWKPzd1XXr9TD4fuCafHHy2swRSlbZtC3IDQAsvCH63OerkDJajj43uSv5og=="
      },
      "SkiaSharp.NativeAssets.Win32": {
        "type": "Transitive",
        "resolved": "3.119.4",
        "contentHash": "XOpbx/4CReO2wYsq2s6rbvdauc6dntG4Zv499sHGTJ87bwZaFXszFkwql3+FIZMc8kUPeaj3Mx2ezIJmo8a1Kg=="
      },
      "SkiaSharp.Views.Desktop.Common": {
        "type": "Transitive",
        "resolved": "3.119.4",
        "contentHash": "u+2Fsu0fIyGBk3rdjXIzWWlPdLJ1hTDhQA/xa67pwhn3ly01s2K0+7xYigzQOMhoawcyCWwcXe7m7S+FUPEDDA==",
        "dependencies": {
          "SkiaSharp": "3.119.4"
        }
      },
      "SkiaSharp.Views.WPF": {
        "type": "Transitive",
        "resolved": "3.119.4",
        "contentHash": "dZMmR1R3UbO5FR7bX5aYGzyGahboVDuDUiQqNrsJTbeBvOZoO8tZuLPx5/qcaG0GtgMiRwcn+92qVUfBOwxUuQ==",
        "dependencies": {
          "OpenTK": "4.3.0",
          "OpenTK.GLWpfControl": "4.2.3",
          "SkiaSharp": "3.119.4",
          "SkiaSharp.Views.Desktop.Common": "3.119.4"
        }
      },
      "SourceGear.sqlite3": {
        "type": "Transitive",
        "resolved": "3.50.4.5",
        "contentHash": "UtnipXhJYZKQOQIfpws/msLK7IRhMplE1CZCaZLIQXRnGD474QVpO/J9nMlQQY8NZueGz1aidjoxDRnrC1NT3Q=="
      },
      "SQLitePCLRaw.bundle_e_sqlite3": {
        "type": "Transitive",
        "resolved": "3.0.3",
        "contentHash": "Zt8jmSL5zcDWGk8rmzhWBJ6IRyLWh1yWS04Pg72+GIvo3Ba4E/rG4Y/4l7AWlSEogEbzyKRTCXUAs1v/O7Pkkg==",
        "dependencies": {
          "SQLitePCLRaw.config.e_sqlite3": "3.0.3",
          "SourceGear.sqlite3": "3.50.4.5"
        }
      },
      "SQLitePCLRaw.config.e_sqlite3": {
        "type": "Transitive",
        "resolved": "3.0.3",
        "contentHash": "caP/ap0X2fyVmstCXu5ueOmcr2XWAxA2XyKghV7H4bOAFmq3nWcsGl9q44iY1HYG+i8Qr4G9XEqdfti0rV6/ZQ==",
        "dependencies": {
          "SQLitePCLRaw.provider.e_sqlite3": "3.0.3"
        }
      },
      "SQLitePCLRaw.core": {
        "type": "Transitive",
        "resolved": "3.0.3",
        "contentHash": "bjm6FY4lZyP+t7GmiuvSM0QXpFihAvyE0Y9O2yibm3g95AAWJPNnHOKVNJGyPTGIKuK7Pr4Wh8Rd8/aOtAclQw=="
      },
      "SQLitePCLRaw.provider.e_sqlite3": {
        "type": "Transitive",
        "resolved": "3.0.3",
        "contentHash": "wd+fGvZTrr3BJNe48opSczmC176Okd61ZgoZNQcdvZwkek6to978ccdpcFmNo5GHxCnk29KwT+f+lAZYgfLVZg==",
        "dependencies": {
          "SQLitePCLRaw.core": "3.0.3"
        }
      },
      "Svg.Custom": {
        "type": "Transitive",
        "resolved": "3.2.1",
        "contentHash": "Wu0+Il+SZfY5+AT25b2PMlSbBrzGIo/6vMMMdOK8jd25I9tdJJbxOFJNG87gFgo9UY9OmpIFzVobGOHzFdJYeQ==",
        "dependencies": {
          "ExCSS": "4.3.1"
        }
      },
      "Svg.Model": {
        "type": "Transitive",
        "resolved": "3.2.1",
        "contentHash": "N4yWlvqv1XWZ+VvI29lT4HkEgtiP3rS/poMfWiVzz6Ao/3IjQCfmo2qrKphq77IqTdMYyh7wGDknMId7YrQY5Q==",
        "dependencies": {
          "ShimSkiaSharp": "3.2.1",
          "Svg.Custom": "3.2.1"
        }
      },
      "Svg.Skia": {
        "type": "Transitive",
        "resolved": "3.2.1",
        "contentHash": "pRJtMOc2hTcnxSu7cx6lf806S+2VrQ0eqUpGMBUQQ/pIIvzrtn0+lUjdABTvjr5rsdQF9OxE+r9npq2+3c6T4A==",
        "dependencies": {
          "SkiaSharp": "2.88.9",
          "Svg.Custom": "3.2.1",
          "Svg.Model": "3.2.1"
        }
      },
      "System.ComponentModel.Annotations": {
        "type": "Transitive",
        "resolved": "5.0.0",
        "contentHash": "dMkqfy2el8A8/I76n2Hi1oBFEbG1SfxD2l5nhwXV3XjlnOmwxJlQbYpJH4W51odnU9sARCSAgv7S3CyAFMkpYg=="
      },
      "System.IO.FileSystem.AccessControl": {
        "type": "Transitive",
        "resolved": "5.0.0",
        "contentHash": "SxHB3nuNrpptVk+vZ/F+7OHEpoHUIKKMl02bUmYHQr1r+glbZQxs7pRtsf4ENO29TVm2TH3AEeep2fJcy92oYw=="
      },
      "System.IO.Ports": {
        "type": "Transitive",
        "resolved": "10.0.3",
        "contentHash": "Zs04mZ/dQtaFQ+hpQNDtijBs+6aM9j2fQPp8zNZTfh8DboVNNv7Sw6gH00hT+PVcAhEozlfT+n59Svm6Ug8ROA==",
        "dependencies": {
          "runtime.native.System.IO.Ports": "10.0.3"
        }
      },
      "System.Management": {
        "type": "Transitive",
        "resolved": "10.0.2",
        "contentHash": "eFftuy3i844lVKCb4lJvvjKfcvPVcW8KrAdSaIOcRL42/Fisj46hwUs8Bky+4avzMe5Snm5t7aSayOI1mybYXg=="
      },
      "Topten.RichTextKit": {
        "type": "Transitive",
        "resolved": "0.4.167",
        "contentHash": "fARM2vAZ4ZFAcNFqRLVrjQNjXzk/2yWWXTmTZ/aYUdXJE6ZT2616v3Ojux4cVcKPx2M930sY3plLKeWppGsJaA==",
        "dependencies": {
          "HarfBuzzSharp.NativeAssets.Linux": "2.8.2.3",
          "SkiaSharp": "2.88.7",
          "SkiaSharp.HarfBuzz": "2.88.7",
          "SkiaSharp.NativeAssets.Linux": "2.88.7"
        }
      },
      "UglyToad.PdfPig": {
        "type": "Transitive",
        "resolved": "1.7.0-custom-5",
        "contentHash": "mddnoBg+XV5YZJg+lp/LlXQ9NY9/oV/MoNjLbbLHw0uTymfyuinVePQB4ff/ELRv3s6n0G7h8q3Ycb3KYg+hgQ==",
        "dependencies": {
          "UglyToad.PdfPig.Core": "1.7.0-custom-5",
          "UglyToad.PdfPig.Fonts": "1.7.0-custom-5",
          "UglyToad.PdfPig.Tokenization": "1.7.0-custom-5",
          "UglyToad.PdfPig.Tokens": "1.7.0-custom-5"
        }
      },
      "UglyToad.PdfPig.Core": {
        "type": "Transitive",
        "resolved": "1.7.0-custom-5",
        "contentHash": "bChQUAYApM6/vgBis0+fBTZyAVqjXdqshjZDCgI3dgwUplfLJxXRrnkCOdNj0a6JNcF32R4aLpnGpTc9QmmVmg=="
      },
      "UglyToad.PdfPig.Fonts": {
        "type": "Transitive",
        "resolved": "1.7.0-custom-5",
        "contentHash": "Z6SBBAIL8wRkJNhXGYaz0CrHnNrNeuNtmwRbBtQUA1b3TDhRQppOmHCIuhjb6Vu/Rirp6FIOtzAU1lXsGik90w==",
        "dependencies": {
          "UglyToad.PdfPig.Core": "1.7.0-custom-5",
          "UglyToad.PdfPig.Tokenization": "1.7.0-custom-5",
          "UglyToad.PdfPig.Tokens": "1.7.0-custom-5"
        }
      },
      "UglyToad.PdfPig.Tokenization": {
        "type": "Transitive",
        "resolved": "1.7.0-custom-5",
        "contentHash": "U8VVH7VJjv6czP7qWyzDq6CRaiJQe7/sESUCL8H3kiEa3zi0l9TonIKlD/YidQ5DlgTumracii6zjLyKPEFKwA==",
        "dependencies": {
          "UglyToad.PdfPig.Core": "1.7.0-custom-5",
          "UglyToad.PdfPig.Tokens": "1.7.0-custom-5"
        }
      },
      "UglyToad.PdfPig.Tokens": {
        "type": "Transitive",
        "resolved": "1.7.0-custom-5",
        "contentHash": "m/j5RVfL4eF/OwX6ASprzK+yzD3l7xdgQ7zQPgENhjxfuXD+hj6FSeZlmxSTt9ywvWcTCjGKAILl9XTK9iQgCQ==",
        "dependencies": {
          "UglyToad.PdfPig.Core": "1.7.0-custom-5"
        }
      },
      "VideoLAN.LibVLC.Windows": {
        "type": "Transitive",
        "resolved": "3.0.23",
        "contentHash": "O/Elo/AxXutSJ/3Z0lIuXEm9tr1iVmUYcws4WB1X9zHgGcAHBBFk29u9B7GX8mxLLMx9e1A6n3h6C0WyTk3KeQ=="
      },
      "xunit.abstractions": {
        "type": "Transitive",
        "resolved": "2.0.3",
        "contentHash": "pot1I4YOxlWjIb5jmwvvQNbTrZ3lJQ+jUGkGjWE3hEFM0l5gOnBWS+H3qsex68s5cO52g+44vpGzhAt+42vwKg=="
      },
      "xunit.analyzers": {
        "type": "Transitive",
        "resolved": "1.11.0",
        "contentHash": "SCv+Ihxv+fCqotGeM8sVwLhw8nzAJ2aFRN5lcoKn9QtGdbVJ79JqDc+4u8/Ddnp2udxtmv+xYFWkHNlb/sk01w=="
      },
      "xunit.assert": {
        "type": "Transitive",
        "resolved": "2.7.0",
        "contentHash": "CCTs3bUhmIS4tDwK6Cn/IiabG3RhYzdf65eIkO7u9/grKoN9MrN780LzVED3E8v+vwmmj7b5TW3/GFuZHPAzWA=="
      },
      "xunit.core": {
        "type": "Transitive",
        "resolved": "2.7.0",
        "contentHash": "98tzqYAbtc/p/2Ba455XTNbD12Qoo8kPehjC4oDT46CAsLli5JOCU9hFF2MV3HHWMw/Y3yFUV2Vcukplbs6kuA==",
        "dependencies": {
          "xunit.extensibility.core": "[2.7.0]",
          "xunit.extensibility.execution": "[2.7.0]"
        }
      },
      "xunit.extensibility.core": {
        "type": "Transitive",
        "resolved": "2.7.0",
        "contentHash": "JLnx4PI0vn1Xr1Ust6ydrp2t/ktm2dyGPAVoDJV5gQuvBMSbd2K7WGzODa2ttiz030CeQ8nbsXl05+cvf7QNyA==",
        "dependencies": {
          "xunit.abstractions": "2.0.3"
        }
      },
      "xunit.extensibility.execution": {
        "type": "Transitive",
        "resolved": "2.7.0",
        "contentHash": "bjY+crT1jOyxKagFjCMdEVzoenO2v66ru8+CK/0UaXvyG4U9Q3UTieJkbQXbi7/1yZIK1sGh01l5/jh2CwLJtQ==",
        "dependencies": {
          "xunit.extensibility.core": "[2.7.0]"
        }
      },
      "auswertungpro.next.application": {
        "type": "Project",
        "dependencies": {
          "AuswertungPro.Next.Domain": "[1.0.0, )"
        }
      },
      "auswertungpro.next.domain": {
        "type": "Project"
      },
      "auswertungpro.next.infrastructure": {
        "type": "Project",
        "dependencies": {
          "AuswertungPro.Next.Application": "[1.0.0, )",
          "AuswertungPro.Next.Domain": "[1.0.0, )",
          "ClosedXML": "[0.105.0, )",
          "FirebirdSql.Data.FirebirdClient": "[10.0.0, )",
          "Microsoft.Data.Sqlite": "[10.0.3, )",
          "Microsoft.Extensions.Logging.Abstractions": "[10.0.2, )",
          "Microsoft.Playwright": "[1.50.0, )",
          "QuestPDF": "[2026.2.0, )",
          "SQLitePCLRaw.bundle_e_sqlite3": "[3.0.3, )",
          "Scriban": "[7.2.5, )",
          "UglyToad.PdfPig": "[1.7.0-custom-5, )"
        }
      },
      "SewerStudio": {
        "type": "Project",
        "dependencies": {
          "AuswertungPro.Next.Application": "[1.0.0, )",
          "AuswertungPro.Next.Domain": "[1.0.0, )",
          "AuswertungPro.Next.Infrastructure": "[1.0.0, )",
          "CommunityToolkit.Mvvm": "[8.4.0, )",
          "LibVLCSharp": "[3.9.5, )",
          "LibVLCSharp.WPF": "[3.9.5, )",
          "LibreHardwareMonitorLib": "[0.9.6, )",
          "Mapsui.Wpf": "[5.1.0, )",
          "Microsoft.Data.Sqlite": "[10.0.3, )",
          "Microsoft.Extensions.Logging": "[10.0.2, )",
          "Microsoft.Playwright": "[1.50.0, )",
          "QuestPDF": "[2026.2.0, )",
          "SkiaSharp.Views.WPF": "[3.119.4, )",
          "UglyToad.PdfPig": "[1.7.0-custom-5, )",
          "VideoLAN.LibVLC.Windows": "[3.0.23, )"
        }
      }
    }
  }
}