{
  "version": 1,
  "dependencies": {
    "net8.0": {
      "FirebirdSql.Data.FirebirdClient": {
        "type": "Direct",
        "requested": "[10.3.4, )",
        "resolved": "10.3.4",
        "contentHash": "lmaY+XQvnhPl1YRrY+lzTZPD88YDbllelN5RhFMrzinqSmjWpWZRE0A4AI1L2mPBNAI346Q8MHAvnJjDPd7VnQ=="
      }
    }
  }
}