Microsoft Visual Studio Solution File, Format Version 12.00
# Visual Studio Version 17
VisualStudioVersion = 17.5.2.0
MinimumVisualStudioVersion = 10.0.40219.1
Project("{FAE04EC0-301F-11D3-BF4B-00C04F79EFBC}") = "AuswertungPro.Next.Application", "AuswertungPro.Next.Application.csproj", "{CBAD5F58-D24B-E6DA-011E-55FB874835B2}"
EndProject
Global
	GlobalSection(SolutionConfigurationPlatforms) = preSolution
		Debug|Any CPU = Debug|Any CPU
		Release|Any CPU = Release|Any CPU
	EndGlobalSection
	GlobalSection(ProjectConfigurationPlatforms) = postSolution
		{CBAD5F58-D24B-E6DA-011E-55FB874835B2}.Debug|Any CPU.ActiveCfg = Debug|Any CPU
		{CBAD5F58-D24B-E6DA-011E-55FB874835B2}.Debug|Any CPU.Build.0 = Debug|Any CPU
		{CBAD5F58-D24B-E6DA-011E-55FB874835B2}.Release|Any CPU.ActiveCfg = Release|Any CPU
		{CBAD5F58-D24B-E6DA-011E-55FB874835B2}.Release|Any CPU.Build.0 = Release|Any CPU
	EndGlobalSection
	GlobalSection(SolutionProperties) = preSolution
		HideSolutionNode = FALSE
	EndGlobalSection
	GlobalSection(ExtensibilityGlobals) = postSolution
		SolutionGuid = {18A5099F-ED43-4EC1-AE40-0CB5EE3C5CFC}
	EndGlobalSection
EndGlobal
