{
  "version": 1,
  "dependencies": {
    "net10.0": {
      "QuestPDF": {
        "type": "Direct",
        "requested": "[2026.2.0, )",
        "resolved": "2026.2.0",
        "contentHash": "BRjl/iXknSC/uyWmn2eOwKLqgFhwVwrtic181IzFiCe49idGnjlQ1QiiXBxb7MKPd2Tgd/JL9yCija6MiQB1yA=="
      },
      "auswertungpro.next.domain": {
        "type": "Project"
      }
    }
  }
}