{
  "version": 1,
  "dependencies": {
    "net10.0": {
      "Microsoft.NET.Test.Sdk": {
        "type": "Direct",
        "requested": "[17.10.0, )",
        "resolved": "17.10.0",
        "contentHash": "0/2HeACkaHEYU3wc83YlcD2Fi4LMtECJjqrtvw0lPi9DCEa35zSPt1j4fuvM8NagjDqJuh1Ja35WcRtn1Um6/A==",
        "dependencies": {
          "Microsoft.CodeCoverage": "17.10.0",
          "Microsoft.TestPlatform.TestHost": "17.10.0"
        }
      },
      "xunit": {
        "type": "Direct",
        "requested": "[2.7.0, )",
        "resolved": "2.7.0",
        "contentHash": "KcCI5zxh8zbUfQTeErc4oT7YokViVND2V0p4vDJ2VD4lhF9V5qCYMMDNixme7FdwYy3SwPHF+2xC2Dq4Z9GSlA==",
        "dependencies": {
          "xunit.analyzers": "1.11.0",
          "xunit.assert": "2.7.0",
          "xunit.core": "[2.7.0]"
        }
      },
      "xunit.runner.visualstudio": {
        "type": "Direct",
        "requested": "[2.5.7, )",
        "resolved": "2.5.7",
        "contentHash": "31Rl7dBJriX0DNwZfDp8gqFOPsiM0c9kqpcH/HvNi9vDp+K7Ydf42H7mVIvYT918Ywzn1ymLg1c4DDC6iU754w=="
      },
      "ClosedXML": {
        "type": "Transitive",
        "resolved": "0.105.0",
        "contentHash": "U0hAdnYyPvF7TqHMFloxrS7pmozab79tFFF4c/bgPtqeelUs7ILpUd3r3c7C0a/DXsUZb3k1n4Pf7Q2LMyMQOg==",
        "dependencies": {
          "ClosedXML.Parser": "2.0.0",
          "DocumentFormat.OpenXml": "[3.1.1, 4.0.0)",
          "ExcelNumberFormat": "1.1.0",
          "RBush.Signed": "4.0.0",
          "SixLabors.Fonts": "1.0.0"
        }
      },
      "ClosedXML.Parser": {
        "type": "Transitive",
        "resolved": "2.0.0",
        "contentHash": "ngTqjYreDYNytG1W5d3ewHsw0ukmmrgV7EKnS4/40rXoYZGt07jrBvo+N+GxT49rcageUMUiprV0jYT4nwVBHQ=="
      },
      "DocumentFormat.OpenXml": {
        "type": "Transitive",
        "resolved": "3.1.1",
        "contentHash": "2z9QBzeTLNNKWM9SaOSDMegfQk/7hDuElOsmF77pKZMkFRP/GHA/W/4yOAQD9kn15N/FsFxHn3QVYkatuZghiA==",
        "dependencies": {
          "DocumentFormat.OpenXml.Framework": "3.1.1"
        }
      },
      "DocumentFormat.OpenXml.Framework": {
        "type": "Transitive",
        "resolved": "3.1.1",
        "contentHash": "6APEp/ElZV58S/4v8mf4Ke3ONEDORs64MqdD64Z7wWpcHANB9oovQsGIwtqjnKihulOj7T0a6IxHIHOfMqKOng==",
        "dependencies": {
          "System.IO.Packaging": "8.0.1"
        }
      },
      "ExcelNumberFormat": {
        "type": "Transitive",
        "resolved": "1.1.0",
        "contentHash": "R3BVHPs9O+RkExbZYTGT0+9HLbi8ZrNij1Yziyw6znd3J7P3uoIR07uwTLGOogtz1p6+0sna66eBoXu7tBiVQA=="
      },
      "FirebirdSql.Data.FirebirdClient": {
        "type": "Transitive",
        "resolved": "10.0.0",
        "contentHash": "x+JkSd6TeL9zUXDbi5C0NPeZ1ejo5sw3G9nhoxvVGXhaU399agYgO5RXtYRmcS4GkeA57Q9sThe5pFL2knSdXQ=="
      },
      "Microsoft.Bcl.AsyncInterfaces": {
        "type": "Transitive",
        "resolved": "6.0.0",
        "contentHash": "UcSjPsst+DfAdJGVDsu346FX0ci0ah+lw3WRtn18NUwEqRt70HaOQ7lI72vy3+1LxtqI3T5GWwV39rQSrCzAeg=="
      },
      "Microsoft.CodeCoverage": {
        "type": "Transitive",
        "resolved": "17.10.0",
        "contentHash": "yC7oSlnR54XO5kOuHlVOKtxomNNN1BWXX8lK1G2jaPXT9sUok7kCOoA4Pgs0qyFaCtMrNsprztYMeoEGqCm4uA=="
      },
      "Microsoft.Data.Sqlite": {
        "type": "Transitive",
        "resolved": "10.0.3",
        "contentHash": "R/7g5hddFTzey+XOH7Hb3x71DdX5yDu3YqKDJbyn3QKiV6P38bYqkhsoDotanurh5mHLRc9hITE+pxL6Kjcpzw==",
        "dependencies": {
          "Microsoft.Data.Sqlite.Core": "10.0.3",
          "SQLitePCLRaw.bundle_e_sqlite3": "2.1.11",
          "SQLitePCLRaw.core": "2.1.11"
        }
      },
      "Microsoft.Data.Sqlite.Core": {
        "type": "Transitive",
        "resolved": "10.0.3",
        "contentHash": "onD94qHlvteS2S9eg1T7Huehm3x92no4nU1AyDWjSmT6jDBhY8QF0UapwNhFA+1dArzxM10fV7s6uI1EIK2+dw==",
        "dependencies": {
          "SQLitePCLRaw.core": "2.1.11"
        }
      },
      "Microsoft.Extensions.DependencyInjection.Abstractions": {
        "type": "Transitive",
        "resolved": "10.0.2",
        "contentHash": "zOIurr59+kUf9vNcsUkCvKWZv+fPosUZXURZesYkJCvl0EzTc9F7maAO4Cd2WEV7ZJJ0AZrFQvuH6Npph9wdBw=="
      },
      "Microsoft.Extensions.Logging.Abstractions": {
        "type": "Transitive",
        "resolved": "10.0.2",
        "contentHash": "RZkez/JjpnO+MZ6efKkSynN6ZztLpw3WbxNzjLCPBd97wWj1S9ZYPWi0nmT4kWBRa6atHsdM1ydGkUr8GudyDQ==",
        "dependencies": {
          "Microsoft.Extensions.DependencyInjection.Abstractions": "10.0.2"
        }
      },
      "Microsoft.Playwright": {
        "type": "Transitive",
        "resolved": "1.50.0",
        "contentHash": "Mq7Ro8vosaADFVU9plNbFvIzi+iVaoCY7y8umE+L9lUK+5DrBnKPHTwARYqi0koYsIikKkwNwoBEsceLdP4Udg==",
        "dependencies": {
          "Microsoft.Bcl.AsyncInterfaces": "6.0.0",
          "System.ComponentModel.Annotations": "5.0.0"
        }
      },
      "Microsoft.TestPlatform.ObjectModel": {
        "type": "Transitive",
        "resolved": "17.10.0",
        "contentHash": "KkwhjQevuDj0aBRoPLY6OLAhGqbPUEBuKLbaCs0kUVw29qiOYncdORd4mLVJbn9vGZ7/iFGQ/+AoJl0Tu5Umdg=="
      },
      "Microsoft.TestPlatform.TestHost": {
        "type": "Transitive",
        "resolved": "17.10.0",
        "contentHash": "LWpMdfqhHvcUkeMCvNYJO8QlPLlYz9XPPb+ZbaXIKhdmjAV0wqTSrTiW5FLaf7RRZT50AQADDOYMOe0HxDxNgA==",
        "dependencies": {
          "Microsoft.TestPlatform.ObjectModel": "17.10.0",
          "Newtonsoft.Json": "13.0.1"
        }
      },
      "Newtonsoft.Json": {
        "type": "Transitive",
        "resolved": "13.0.1",
        "contentHash": "ppPFpBcvxdsfUonNcvITKqLl3bqxWbDCZIzDWHzjpdAHRFfZe0Dw9HmA0+za13IdyrgJwpkDTDA9fHaxOrt20A=="
      },
      "QuestPDF": {
        "type": "Transitive",
        "resolved": "2026.2.0",
        "contentHash": "BRjl/iXknSC/uyWmn2eOwKLqgFhwVwrtic181IzFiCe49idGnjlQ1QiiXBxb7MKPd2Tgd/JL9yCija6MiQB1yA=="
      },
      "RBush.Signed": {
        "type": "Transitive",
        "resolved": "4.0.0",
        "contentHash": "aP5KQxL5RnFNGW1f0euYVBfCatkLw5iEzMRJcXKq8LWWP4Cp3+qoSq1tDDL2vvJ2rM0ychmVMa2VaEKLS6uX4w=="
      },
      "Scriban": {
        "type": "Transitive",
        "resolved": "7.2.0",
        "contentHash": "GiAuu6bCPVWJeMMK8AkJMCNX+wyqt2qgiKjVAPLvRWxzBwpDJjLhJltVP034tsZUHOkBtdfA/Otrny+n3NelBw=="
      },
      "SixLabors.Fonts": {
        "type": "Transitive",
        "resolved": "1.0.0",
        "contentHash": "LFQsCZlV0xlUyXAOMUo5kkSl+8zAQXXbbdwWchtk0B4o7zotZhQsQOcJUELGHdfPfm/xDAsz6hONAuV25bJaAg=="
      },
      "SQLitePCLRaw.bundle_e_sqlite3": {
        "type": "Transitive",
        "resolved": "2.1.11",
        "contentHash": "DC4nA7yWnf4UZdgJDF+9Mus4/cb0Y3Sfgi3gDnAoKNAIBwzkskNAbNbyu+u4atT0ruVlZNJfwZmwiEwE5oz9LQ==",
        "dependencies": {
          "SQLitePCLRaw.lib.e_sqlite3": "2.1.11",
          "SQLitePCLRaw.provider.e_sqlite3": "2.1.11"
        }
      },
      "SQLitePCLRaw.core": {
        "type": "Transitive",
        "resolved": "2.1.11",
        "contentHash": "PK0GLFkfhZzLQeR3PJf71FmhtHox+U3vcY6ZtswoMjrefkB9k6ErNJEnwXqc5KgXDSjige2XXrezqS39gkpQKA=="
      },
      "SQLitePCLRaw.lib.e_sqlite3": {
        "type": "Transitive",
        "resolved": "2.1.11",
        "contentHash": "Ev2ytaXiOlWZ4b3R67GZBsemTINslLD1DCJr2xiacpn4tbapu0Q4dHEzSvZSMnVWeE5nlObU3VZN2p81q3XOYQ=="
      },
      "SQLitePCLRaw.provider.e_sqlite3": {
        "type": "Transitive",
        "resolved": "2.1.11",
        "contentHash": "Y/0ZkR+r0Cg3DQFuCl1RBnv/tmxpIZRU3HUvelPw6MVaKHwYYR8YNvgs0vuNuXCMvlyJ+Fh88U1D4tah1tt6qw==",
        "dependencies": {
          "SQLitePCLRaw.core": "2.1.11"
        }
      },
      "System.ComponentModel.Annotations": {
        "type": "Transitive",
        "resolved": "5.0.0",
        "contentHash": "dMkqfy2el8A8/I76n2Hi1oBFEbG1SfxD2l5nhwXV3XjlnOmwxJlQbYpJH4W51odnU9sARCSAgv7S3CyAFMkpYg=="
      },
      "System.IO.Packaging": {
        "type": "Transitive",
        "resolved": "8.0.1",
        "contentHash": "KYkIOAvPexQOLDxPO2g0BVoWInnQhPpkFzRqvNrNrMhVT6kqhVr0zEb6KCHlptLFukxnZrjuMVAnxK7pOGUYrw=="
      },
      "UglyToad.PdfPig": {
        "type": "Transitive",
        "resolved": "1.7.0-custom-5",
        "contentHash": "mddnoBg+XV5YZJg+lp/LlXQ9NY9/oV/MoNjLbbLHw0uTymfyuinVePQB4ff/ELRv3s6n0G7h8q3Ycb3KYg+hgQ==",
        "dependencies": {
          "UglyToad.PdfPig.Core": "1.7.0-custom-5",
          "UglyToad.PdfPig.Fonts": "1.7.0-custom-5",
          "UglyToad.PdfPig.Tokenization": "1.7.0-custom-5",
          "UglyToad.PdfPig.Tokens": "1.7.0-custom-5"
        }
      },
      "UglyToad.PdfPig.Core": {
        "type": "Transitive",
        "resolved": "1.7.0-custom-5",
        "contentHash": "bChQUAYApM6/vgBis0+fBTZyAVqjXdqshjZDCgI3dgwUplfLJxXRrnkCOdNj0a6JNcF32R4aLpnGpTc9QmmVmg=="
      },
      "UglyToad.PdfPig.Fonts": {
        "type": "Transitive",
        "resolved": "1.7.0-custom-5",
        "contentHash": "Z6SBBAIL8wRkJNhXGYaz0CrHnNrNeuNtmwRbBtQUA1b3TDhRQppOmHCIuhjb6Vu/Rirp6FIOtzAU1lXsGik90w==",
        "dependencies": {
          "UglyToad.PdfPig.Core": "1.7.0-custom-5",
          "UglyToad.PdfPig.Tokenization": "1.7.0-custom-5",
          "UglyToad.PdfPig.Tokens": "1.7.0-custom-5"
        }
      },
      "UglyToad.PdfPig.Tokenization": {
        "type": "Transitive",
        "resolved": "1.7.0-custom-5",
        "contentHash": "U8VVH7VJjv6czP7qWyzDq6CRaiJQe7/sESUCL8H3kiEa3zi0l9TonIKlD/YidQ5DlgTumracii6zjLyKPEFKwA==",
        "dependencies": {
          "UglyToad.PdfPig.Core": "1.7.0-custom-5",
          "UglyToad.PdfPig.Tokens": "1.7.0-custom-5"
        }
      },
      "UglyToad.PdfPig.Tokens": {
        "type": "Transitive",
        "resolved": "1.7.0-custom-5",
        "contentHash": "m/j5RVfL4eF/OwX6ASprzK+yzD3l7xdgQ7zQPgENhjxfuXD+hj6FSeZlmxSTt9ywvWcTCjGKAILl9XTK9iQgCQ==",
        "dependencies": {
          "UglyToad.PdfPig.Core": "1.7.0-custom-5"
        }
      },
      "xunit.abstractions": {
        "type": "Transitive",
        "resolved": "2.0.3",
        "contentHash": "pot1I4YOxlWjIb5jmwvvQNbTrZ3lJQ+jUGkGjWE3hEFM0l5gOnBWS+H3qsex68s5cO52g+44vpGzhAt+42vwKg=="
      },
      "xunit.analyzers": {
        "type": "Transitive",
        "resolved": "1.11.0",
        "contentHash": "SCv+Ihxv+fCqotGeM8sVwLhw8nzAJ2aFRN5lcoKn9QtGdbVJ79JqDc+4u8/Ddnp2udxtmv+xYFWkHNlb/sk01w=="
      },
      "xunit.assert": {
        "type": "Transitive",
        "resolved": "2.7.0",
        "contentHash": "CCTs3bUhmIS4tDwK6Cn/IiabG3RhYzdf65eIkO7u9/grKoN9MrN780LzVED3E8v+vwmmj7b5TW3/GFuZHPAzWA=="
      },
      "xunit.core": {
        "type": "Transitive",
        "resolved": "2.7.0",
        "contentHash": "98tzqYAbtc/p/2Ba455XTNbD12Qoo8kPehjC4oDT46CAsLli5JOCU9hFF2MV3HHWMw/Y3yFUV2Vcukplbs6kuA==",
        "dependencies": {
          "xunit.extensibility.core": "[2.7.0]",
          "xunit.extensibility.execution": "[2.7.0]"
        }
      },
      "xunit.extensibility.core": {
        "type": "Transitive",
        "resolved": "2.7.0",
        "contentHash": "JLnx4PI0vn1Xr1Ust6ydrp2t/ktm2dyGPAVoDJV5gQuvBMSbd2K7WGzODa2ttiz030CeQ8nbsXl05+cvf7QNyA==",
        "dependencies": {
          "xunit.abstractions": "2.0.3"
        }
      },
      "xunit.extensibility.execution": {
        "type": "Transitive",
        "resolved": "2.7.0",
        "contentHash": "bjY+crT1jOyxKagFjCMdEVzoenO2v66ru8+CK/0UaXvyG4U9Q3UTieJkbQXbi7/1yZIK1sGh01l5/jh2CwLJtQ==",
        "dependencies": {
          "xunit.extensibility.core": "[2.7.0]"
        }
      },
      "auswertungpro.next.application": {
        "type": "Project",
        "dependencies": {
          "AuswertungPro.Next.Domain": "[1.0.0, )",
          "QuestPDF": "[2026.2.0, )"
        }
      },
      "auswertungpro.next.domain": {
        "type": "Project"
      },
      "auswertungpro.next.infrastructure": {
        "type": "Project",
        "dependencies": {
          "AuswertungPro.Next.Application": "[1.0.0, )",
          "AuswertungPro.Next.Domain": "[1.0.0, )",
          "ClosedXML": "[0.105.0, )",
          "FirebirdSql.Data.FirebirdClient": "[10.0.0, )",
          "Microsoft.Data.Sqlite": "[10.0.3, )",
          "Microsoft.Extensions.Logging.Abstractions": "[10.0.2, )",
          "Microsoft.Playwright": "[1.50.0, )",
          "Scriban": "[7.2.0, )",
          "UglyToad.PdfPig": "[1.7.0-custom-5, )"
        }
      },
      "SewerStudio.McpServer": {
        "type": "Project",
        "dependencies": {
          "AuswertungPro.Next.Application": "[1.0.0, )",
          "AuswertungPro.Next.Domain": "[1.0.0, )",
          "AuswertungPro.Next.Infrastructure": "[1.0.0, )"
        }
      },
      "vsashadowreport": {
        "type": "Project"
      }
    }
  }
}