Microsoft Visual Studio Solution File, Format Version 12.00
# Visual Studio Version 17
VisualStudioVersion = 17.5.2.0
MinimumVisualStudioVersion = 10.0.40219.1
Project("{FAE04EC0-301F-11D3-BF4B-00C04F79EFBC}") = "AuswertungPro.Next.UI", "AuswertungPro.Next.UI.csproj", "{7A0CF327-4532-F28A-19A6-62276C83F0B5}"
EndProject
Global
	GlobalSection(SolutionConfigurationPlatforms) = preSolution
		Debug|Any CPU = Debug|Any CPU
		Release|Any CPU = Release|Any CPU
	EndGlobalSection
	GlobalSection(ProjectConfigurationPlatforms) = postSolution
		{7A0CF327-4532-F28A-19A6-62276C83F0B5}.Debug|Any CPU.ActiveCfg = Debug|Any CPU
		{7A0CF327-4532-F28A-19A6-62276C83F0B5}.Debug|Any CPU.Build.0 = Debug|Any CPU
		{7A0CF327-4532-F28A-19A6-62276C83F0B5}.Release|Any CPU.ActiveCfg = Release|Any CPU
		{7A0CF327-4532-F28A-19A6-62276C83F0B5}.Release|Any CPU.Build.0 = Release|Any CPU
	EndGlobalSection
	GlobalSection(SolutionProperties) = preSolution
		HideSolutionNode = FALSE
	EndGlobalSection
	GlobalSection(ExtensibilityGlobals) = postSolution
		SolutionGuid = {565132E2-B509-4FB6-9059-9541DC5C221D}
	EndGlobalSection
EndGlobal
